
Microsoft Visual Studio Solution File, Format Version 12.00
# Visual Studio Version 17
VisualStudioVersion = 17.9.34902.65
MinimumVisualStudioVersion = 10.0.40219.1
Project("{FAE04EC0-301F-11D3-BF4B-00C04F79EFBC}") = "CarManufacturer", "CarManufacturer\CarManufacturer.csproj", "{68A76E72-7151-4786-8144-D5C86AA54BEB}"
EndProject
Global
	GlobalSection(SolutionConfigurationPlatforms) = preSolution
		Debug|Any CPU = Debug|Any CPU
		Release|Any CPU = Release|Any CPU
	EndGlobalSection
	GlobalSection(ProjectConfigurationPlatforms) = postSolution
		{68A76E72-7151-4786-8144-D5C86AA54BEB}.Debug|Any CPU.ActiveCfg = Debug|Any CPU
		{68A76E72-7151-4786-8144-D5C86AA54BEB}.Debug|Any CPU.Build.0 = Debug|Any CPU
		{68A76E72-7151-4786-8144-D5C86AA54BEB}.Release|Any CPU.ActiveCfg = Release|Any CPU
		{68A76E72-7151-4786-8144-D5C86AA54BEB}.Release|Any CPU.Build.0 = Release|Any CPU
	EndGlobalSection
	GlobalSection(SolutionProperties) = preSolution
		HideSolutionNode = FALSE
	EndGlobalSection
	GlobalSection(ExtensibilityGlobals) = postSolution
		SolutionGuid = {957A79DB-5162-4BB4-94D7-D30B8CA629D5}
	EndGlobalSection
EndGlobal
